
Microsoft Visual Studio Solution File, Format Version 12.00
# Visual Studio Version 17
VisualStudioVersion = 17.13.35931.197 d17.13
MinimumVisualStudioVersion = 10.0.40219.1
Project("{FAE04EC0-301F-11D3-BF4B-00C04F79EFBC}") = "SmartBook2025VTNiklasMattsson", "SmartBook2025VTNiklasMattsson\SmartBook2025VTNiklasMattsson.csproj", "{6EB8A98B-4122-4AE1-ACC5-5E3D7A7251FC}"
EndProject
Project("{FAE04EC0-301F-11D3-BF4B-00C04F79EFBC}") = "SmartBook.Core", "SmartBook.Core\SmartBook.Core.csproj", "{26E8D759-183E-4869-8002-D0CDC4BE65C2}"
EndProject
Project("{FAE04EC0-301F-11D3-BF4B-00C04F79EFBC}") = "SmartBook.Data", "SmartBook.Data\SmartBook.Data.csproj", "{B975DB54-471A-4B8C-9836-FD3D50F6DD26}"
EndProject
Global
	GlobalSection(SolutionConfigurationPlatforms) = preSolution
		Debug|Any CPU = Debug|Any CPU
		Release|Any CPU = Release|Any CPU
	EndGlobalSection
	GlobalSection(ProjectConfigurationPlatforms) = postSolution
		{6EB8A98B-4122-4AE1-ACC5-5E3D7A7251FC}.Debug|Any CPU.ActiveCfg = Debug|Any CPU
		{6EB8A98B-4122-4AE1-ACC5-5E3D7A7251FC}.Debug|Any CPU.Build.0 = Debug|Any CPU
		{6EB8A98B-4122-4AE1-ACC5-5E3D7A7251FC}.Release|Any CPU.ActiveCfg = Release|Any CPU
		{6EB8A98B-4122-4AE1-ACC5-5E3D7A7251FC}.Release|Any CPU.Build.0 = Release|Any CPU
		{26E8D759-183E-4869-8002-D0CDC4BE65C2}.Debug|Any CPU.ActiveCfg = Debug|Any CPU
		{26E8D759-183E-4869-8002-D0CDC4BE65C2}.Debug|Any CPU.Build.0 = Debug|Any CPU
		{26E8D759-183E-4869-8002-D0CDC4BE65C2}.Release|Any CPU.ActiveCfg = Release|Any CPU
		{26E8D759-183E-4869-8002-D0CDC4BE65C2}.Release|Any CPU.Build.0 = Release|Any CPU
		{B975DB54-471A-4B8C-9836-FD3D50F6DD26}.Debug|Any CPU.ActiveCfg = Debug|Any CPU
		{B975DB54-471A-4B8C-9836-FD3D50F6DD26}.Debug|Any CPU.Build.0 = Debug|Any CPU
		{B975DB54-471A-4B8C-9836-FD3D50F6DD26}.Release|Any CPU.ActiveCfg = Release|Any CPU
		{B975DB54-471A-4B8C-9836-FD3D50F6DD26}.Release|Any CPU.Build.0 = Release|Any CPU
	EndGlobalSection
	GlobalSection(SolutionProperties) = preSolution
		HideSolutionNode = FALSE
	EndGlobalSection
	GlobalSection(ExtensibilityGlobals) = postSolution
		SolutionGuid = {F8E54C5D-CC0C-408F-82EB-D5A3954D4BBA}
	EndGlobalSection
EndGlobal
